
Microsoft Visual Studio Solution File, Format Version 12.00
# Visual Studio Version 17
VisualStudioVersion = 17.11.35222.181
MinimumVisualStudioVersion = 10.0.40219.1
Project("{FAE04EC0-301F-11D3-BF4B-00C04F79EFBC}") = "EventProcessor.WebApi", "EventProcessor.WebApi\EventProcessor.WebApi.csproj", "{BCD2CC3E-1C8C-4063-9017-90E29CBC03A7}"
EndProject
Project("{FAE04EC0-301F-11D3-BF4B-00C04F79EFBC}") = "EventGenerator.WebApi", "EventGenerator.WebApi\EventGenerator.WebApi.csproj", "{52E9ED3F-39BB-4067-B2FA-3D92BB947D86}"
EndProject
Project("{FAE04EC0-301F-11D3-BF4B-00C04F79EFBC}") = "Shared", "Shared\Shared.csproj", "{1BEC6714-6E36-41F8-9B64-84AE821B0778}"
EndProject
Global
	GlobalSection(SolutionConfigurationPlatforms) = preSolution
		Debug|Any CPU = Debug|Any CPU
		Release|Any CPU = Release|Any CPU
	EndGlobalSection
	GlobalSection(ProjectConfigurationPlatforms) = postSolution
		{BCD2CC3E-1C8C-4063-9017-90E29CBC03A7}.Debug|Any CPU.ActiveCfg = Debug|Any CPU
		{BCD2CC3E-1C8C-4063-9017-90E29CBC03A7}.Debug|Any CPU.Build.0 = Debug|Any CPU
		{BCD2CC3E-1C8C-4063-9017-90E29CBC03A7}.Release|Any CPU.ActiveCfg = Release|Any CPU
		{BCD2CC3E-1C8C-4063-9017-90E29CBC03A7}.Release|Any CPU.Build.0 = Release|Any CPU
		{52E9ED3F-39BB-4067-B2FA-3D92BB947D86}.Debug|Any CPU.ActiveCfg = Debug|Any CPU
		{52E9ED3F-39BB-4067-B2FA-3D92BB947D86}.Debug|Any CPU.Build.0 = Debug|Any CPU
		{52E9ED3F-39BB-4067-B2FA-3D92BB947D86}.Release|Any CPU.ActiveCfg = Release|Any CPU
		{52E9ED3F-39BB-4067-B2FA-3D92BB947D86}.Release|Any CPU.Build.0 = Release|Any CPU
		{1BEC6714-6E36-41F8-9B64-84AE821B0778}.Debug|Any CPU.ActiveCfg = Debug|Any CPU
		{1BEC6714-6E36-41F8-9B64-84AE821B0778}.Debug|Any CPU.Build.0 = Debug|Any CPU
		{1BEC6714-6E36-41F8-9B64-84AE821B0778}.Release|Any CPU.ActiveCfg = Release|Any CPU
		{1BEC6714-6E36-41F8-9B64-84AE821B0778}.Release|Any CPU.Build.0 = Release|Any CPU
	EndGlobalSection
	GlobalSection(SolutionProperties) = preSolution
		HideSolutionNode = FALSE
	EndGlobalSection
	GlobalSection(ExtensibilityGlobals) = postSolution
		SolutionGuid = {95893E15-5F24-47B5-B3AE-D289BF49B4B6}
	EndGlobalSection
EndGlobal
